Microsoft Visual Studio Solution File, Format Version 12.00
# Visual Studio Version 17
VisualStudioVersion = 17.5.2.0
MinimumVisualStudioVersion = 10.0.40219.1
Project("{FAE04EC0-301F-11D3-BF4B-00C04F79EFBC}") = "McpCalculatorClientLLM", "McpCalculatorClientLLM.csproj", "{33EE4C8E-35DE-7C48-73F8-4DA6ADC105F6}"
EndProject
Global
	GlobalSection(SolutionConfigurationPlatforms) = preSolution
		Debug|Any CPU = Debug|Any CPU
		Release|Any CPU = Release|Any CPU
	EndGlobalSection
	GlobalSection(ProjectConfigurationPlatforms) = postSolution
		{33EE4C8E-35DE-7C48-73F8-4DA6ADC105F6}.Debug|Any CPU.ActiveCfg = Debug|Any CPU
		{33EE4C8E-35DE-7C48-73F8-4DA6ADC105F6}.Debug|Any CPU.Build.0 = Debug|Any CPU
		{33EE4C8E-35DE-7C48-73F8-4DA6ADC105F6}.Release|Any CPU.ActiveCfg = Release|Any CPU
		{33EE4C8E-35DE-7C48-73F8-4DA6ADC105F6}.Release|Any CPU.Build.0 = Release|Any CPU
	EndGlobalSection
	GlobalSection(SolutionProperties) = preSolution
		HideSolutionNode = FALSE
	EndGlobalSection
	GlobalSection(ExtensibilityGlobals) = postSolution
		SolutionGuid = {09F851D5-0372-4BBE-8268-A7E0E72FA22A}
	EndGlobalSection
EndGlobal
